{
  "name": "@audio/mir",
  "version": "1.1.0",
  "lockfileVersion": 3,
  "requires": true,
  "packages": {
    "": {
      "name": "@audio/mir",
      "version": "1.1.0",
      "license": "MIT",
      "workspaces": [
        "packages/*"
      ],
      "dependencies": {
        "@audio/mir-chord": "^1.0.0",
        "@audio/mir-chroma": "^1.0.0",
        "@audio/mir-coversong": "^1.0.0",
        "@audio/mir-downbeat": "^1.0.0",
        "@audio/mir-drums": "^1.0.0",
        "@audio/mir-fingerprint": "^1.0.0",
        "@audio/mir-key": "^1.0.0",
        "@audio/mir-melody": "^1.0.0",
        "@audio/mir-multif0": "^1.0.0",
        "@audio/mir-similarity": "^1.0.0",
        "@audio/mir-structure": "^1.0.0",
        "@audio/mir-tempogram": "^1.0.0",
        "@audio/mir-tonnetz": "^1.0.0",
        "@audio/mir-transcribe": "^1.0.0"
      },
      "devDependencies": {
        "tst": "^9.4.0"
      },
      "engines": {
        "node": ">=18"
      }
    },
    "node_modules/@audio/mir-chord": {
      "resolved": "packages/mir-chord",
      "link": true
    },
    "node_modules/@audio/mir-chroma": {
      "resolved": "packages/mir-chroma",
      "link": true
    },
    "node_modules/@audio/mir-coversong": {
      "resolved": "packages/mir-coversong",
      "link": true
    },
    "node_modules/@audio/mir-downbeat": {
      "resolved": "packages/mir-downbeat",
      "link": true
    },
    "node_modules/@audio/mir-drums": {
      "resolved": "packages/mir-drums",
      "link": true
    },
    "node_modules/@audio/mir-fingerprint": {
      "resolved": "packages/mir-fingerprint",
      "link": true
    },
    "node_modules/@audio/mir-key": {
      "resolved": "packages/mir-key",
      "link": true
    },
    "node_modules/@audio/mir-melody": {
      "resolved": "packages/mir-melody",
      "link": true
    },
    "node_modules/@audio/mir-multif0": {
      "resolved": "packages/mir-multif0",
      "link": true
    },
    "node_modules/@audio/mir-similarity": {
      "resolved": "packages/mir-similarity",
      "link": true
    },
    "node_modules/@audio/mir-structure": {
      "resolved": "packages/mir-structure",
      "link": true
    },
    "node_modules/@audio/mir-tempogram": {
      "resolved": "packages/mir-tempogram",
      "link": true
    },
    "node_modules/@audio/mir-tonnetz": {
      "resolved": "packages/mir-tonnetz",
      "link": true
    },
    "node_modules/@audio/mir-transcribe": {
      "resolved": "packages/mir-transcribe",
      "link": true
    },
    "node_modules/@audio/note": {
      "version": "1.0.0",
      "resolved": "https://registry.npmjs.org/@audio/note/-/note-1.0.0.tgz",
      "integrity": "sha512-oLn0eM9/+ZdAG9sgkrJa5LcK9rH38ZQnaAE2PoVDaYgUAmY1Fh9/e4xuu/vEa8cn+4rC7pdsrwaqI7fWNqgWug==",
      "license": "MIT",
      "engines": {
        "node": ">=18"
      }
    },
    "node_modules/@audio/onset": {
      "version": "1.0.0",
      "resolved": "https://registry.npmjs.org/@audio/onset/-/onset-1.0.0.tgz",
      "integrity": "sha512-0omJgu8+ID5KD6P3hXICmEE/JogYB5h+VxTn1Yq2FcAgShFThGkkQfpYiTNTSJ3tUFbwNBEobBUdVRGRievOPQ==",
      "license": "MIT",
      "dependencies": {
        "fourier-transform": "^2.2.0",
        "window-function": "^3.0.0"
      },
      "engines": {
        "node": ">=18"
      }
    },
    "node_modules/@audio/pitch-yin": {
      "version": "1.0.0",
      "resolved": "https://registry.npmjs.org/@audio/pitch-yin/-/pitch-yin-1.0.0.tgz",
      "integrity": "sha512-32MYm2F64IcWIx27NxP+8ZzcAgxAwHCBr7K0mxJ3xJjMeJcxYJQa7A3jTV54lbLS+VgRZ5Us1q62WJyPfKL51Q==",
      "license": "MIT",
      "engines": {
        "node": ">=18"
      }
    },
    "node_modules/@audio/spectral-mfcc": {
      "version": "1.0.0",
      "resolved": "https://registry.npmjs.org/@audio/spectral-mfcc/-/spectral-mfcc-1.0.0.tgz",
      "integrity": "sha512-8SjfB3KlLfS/PuRrMuaK2KTCWxrsq+NKkOEknGx6l1J+97XLuUVgqtpfxMt8HHkonW7DB7qmkWBcRLYTF27VyA==",
      "license": "MIT",
      "dependencies": {
        "fourier-transform": "^2.2.0"
      },
      "engines": {
        "node": ">=18"
      }
    },
    "node_modules/fourier-transform": {
      "version": "2.3.0",
      "resolved": "https://registry.npmjs.org/fourier-transform/-/fourier-transform-2.3.0.tgz",
      "integrity": "sha512-+Ki9tVP1a/1R3svMxeAFOr2FEQhjFdB9szYh2I8IEAUzSUbkV5K/e4hcPVNSjonUllImheK0O/Hoy/VPby6Iig==",
      "license": "MIT"
    },
    "node_modules/tst": {
      "version": "9.4.0",
      "resolved": "https://registry.npmjs.org/tst/-/tst-9.4.0.tgz",
      "integrity": "sha512-LFC1yasMqhvL9hBJdA07nozlfS1RGy/7uiBCwRZcQH9zB4+n7XpxwYszzK//WQ2JVOLAUgU3d8ABEcrFLZE0vg==",
      "dev": true,
      "license": "MIT"
    },
    "node_modules/window-function": {
      "version": "3.0.1",
      "resolved": "https://registry.npmjs.org/window-function/-/window-function-3.0.1.tgz",
      "integrity": "sha512-leNaeoOe+AWGGL7i3UYC1diwxi1XGdypk+mBTdETtj7ptYikvcY1hw2qGsT0zhDBta1L3ynYLW3HjZq8gsLJ1w==",
      "license": "MIT",
      "engines": {
        "node": ">=18"
      }
    },
    "packages/mir-chord": {
      "name": "@audio/mir-chord",
      "version": "1.0.0",
      "license": "MIT",
      "engines": {
        "node": ">=18"
      }
    },
    "packages/mir-chroma": {
      "name": "@audio/mir-chroma",
      "version": "1.1.1",
      "license": "MIT",
      "dependencies": {
        "fourier-transform": "^2.2.0"
      },
      "engines": {
        "node": ">=18"
      }
    },
    "packages/mir-coversong": {
      "name": "@audio/mir-coversong",
      "version": "1.1.2",
      "license": "MIT",
      "dependencies": {
        "@audio/mir-chroma": "^1.0.0"
      },
      "engines": {
        "node": ">=18"
      }
    },
    "packages/mir-downbeat": {
      "name": "@audio/mir-downbeat",
      "version": "1.1.2",
      "license": "MIT",
      "dependencies": {
        "@audio/mir-chroma": "^1.0.0",
        "fourier-transform": "^2.3.0"
      },
      "engines": {
        "node": ">=18"
      }
    },
    "packages/mir-drums": {
      "name": "@audio/mir-drums",
      "version": "1.1.3",
      "license": "MIT",
      "dependencies": {
        "@audio/onset": "^1.0.0",
        "fourier-transform": "^2.3.0"
      },
      "engines": {
        "node": ">=18"
      }
    },
    "packages/mir-fingerprint": {
      "name": "@audio/mir-fingerprint",
      "version": "1.1.2",
      "license": "MIT",
      "dependencies": {
        "fourier-transform": "^2.2.0"
      },
      "engines": {
        "node": ">=18"
      }
    },
    "packages/mir-key": {
      "name": "@audio/mir-key",
      "version": "1.0.0",
      "license": "MIT",
      "engines": {
        "node": ">=18"
      }
    },
    "packages/mir-melody": {
      "name": "@audio/mir-melody",
      "version": "1.1.2",
      "license": "MIT",
      "dependencies": {
        "@audio/pitch-yin": "^1.0.0"
      },
      "engines": {
        "node": ">=18"
      }
    },
    "packages/mir-multif0": {
      "name": "@audio/mir-multif0",
      "version": "1.1.2",
      "license": "MIT",
      "dependencies": {
        "fourier-transform": "^2.3.0"
      },
      "engines": {
        "node": ">=18"
      }
    },
    "packages/mir-similarity": {
      "name": "@audio/mir-similarity",
      "version": "1.1.2",
      "license": "MIT",
      "dependencies": {
        "@audio/mir-chroma": "^1.0.0",
        "@audio/spectral-mfcc": "^1.0.0"
      },
      "engines": {
        "node": ">=18"
      }
    },
    "packages/mir-structure": {
      "name": "@audio/mir-structure",
      "version": "1.1.2",
      "license": "MIT",
      "dependencies": {
        "@audio/spectral-mfcc": "^1.0.0"
      },
      "engines": {
        "node": ">=18"
      }
    },
    "packages/mir-tempogram": {
      "name": "@audio/mir-tempogram",
      "version": "1.1.3",
      "license": "MIT",
      "dependencies": {
        "@audio/onset": "^1.0.0"
      },
      "engines": {
        "node": ">=18"
      }
    },
    "packages/mir-tonnetz": {
      "name": "@audio/mir-tonnetz",
      "version": "1.1.1",
      "license": "MIT",
      "dependencies": {
        "@audio/mir-chroma": "^1.0.0"
      },
      "engines": {
        "node": ">=18"
      }
    },
    "packages/mir-transcribe": {
      "name": "@audio/mir-transcribe",
      "version": "1.1.2",
      "license": "MIT",
      "dependencies": {
        "@audio/mir-multif0": "^1.0.0",
        "@audio/note": "^1.0.0"
      },
      "engines": {
        "node": ">=18"
      }
    }
  }
}
