{
  "name": "@audio/mir",
  "version": "1.0.0",
  "lockfileVersion": 3,
  "requires": true,
  "packages": {
    "": {
      "name": "@audio/mir",
      "version": "1.0.0",
      "license": "MIT",
      "workspaces": [
        "packages/*"
      ],
      "dependencies": {
        "@audio/mir-chord": "^1.0.0",
        "@audio/mir-chroma": "^1.0.0",
        "@audio/mir-key": "^1.0.0",
        "@audio/mir-melody": "^1.0.0",
        "@audio/mir-tempogram": "^1.0.0",
        "@audio/mir-tonnetz": "^1.0.0"
      },
      "devDependencies": {
        "tst": "^9.4.0"
      },
      "engines": {
        "node": ">=18"
      }
    },
    "../beat/packages/beat-core": {
      "name": "@audio/beat-core",
      "version": "1.0.0",
      "license": "MIT",
      "dependencies": {
        "fourier-transform": "^2.2.0",
        "window-function": "^3.0.0"
      },
      "engines": {
        "node": ">=18"
      }
    },
    "../pitch/packages/pitch-yin": {
      "name": "@audio/pitch-yin",
      "version": "1.0.0",
      "license": "MIT",
      "engines": {
        "node": ">=18"
      }
    },
    "node_modules/@audio/beat-core": {
      "resolved": "../beat/packages/beat-core",
      "link": true
    },
    "node_modules/@audio/mir-chord": {
      "resolved": "packages/mir-chord",
      "link": true
    },
    "node_modules/@audio/mir-chroma": {
      "resolved": "packages/mir-chroma",
      "link": true
    },
    "node_modules/@audio/mir-coversong": {
      "resolved": "packages/mir-coversong",
      "link": true
    },
    "node_modules/@audio/mir-downbeat": {
      "resolved": "packages/mir-downbeat",
      "link": true
    },
    "node_modules/@audio/mir-drums": {
      "resolved": "packages/mir-drums",
      "link": true
    },
    "node_modules/@audio/mir-fingerprint": {
      "resolved": "packages/mir-fingerprint",
      "link": true
    },
    "node_modules/@audio/mir-key": {
      "resolved": "packages/mir-key",
      "link": true
    },
    "node_modules/@audio/mir-melody": {
      "resolved": "packages/mir-melody",
      "link": true
    },
    "node_modules/@audio/mir-multif0": {
      "resolved": "packages/mir-multif0",
      "link": true
    },
    "node_modules/@audio/mir-similarity": {
      "resolved": "packages/mir-similarity",
      "link": true
    },
    "node_modules/@audio/mir-structure": {
      "resolved": "packages/mir-structure",
      "link": true
    },
    "node_modules/@audio/mir-tempogram": {
      "resolved": "packages/mir-tempogram",
      "link": true
    },
    "node_modules/@audio/mir-tonnetz": {
      "resolved": "packages/mir-tonnetz",
      "link": true
    },
    "node_modules/@audio/mir-transcribe": {
      "resolved": "packages/mir-transcribe",
      "link": true
    },
    "node_modules/@audio/pitch-yin": {
      "resolved": "../pitch/packages/pitch-yin",
      "link": true
    },
    "node_modules/fourier-transform": {
      "version": "2.3.0",
      "resolved": "https://registry.npmjs.org/fourier-transform/-/fourier-transform-2.3.0.tgz",
      "integrity": "sha512-+Ki9tVP1a/1R3svMxeAFOr2FEQhjFdB9szYh2I8IEAUzSUbkV5K/e4hcPVNSjonUllImheK0O/Hoy/VPby6Iig==",
      "license": "MIT"
    },
    "node_modules/tst": {
      "version": "9.4.0",
      "resolved": "https://registry.npmjs.org/tst/-/tst-9.4.0.tgz",
      "integrity": "sha512-LFC1yasMqhvL9hBJdA07nozlfS1RGy/7uiBCwRZcQH9zB4+n7XpxwYszzK//WQ2JVOLAUgU3d8ABEcrFLZE0vg==",
      "dev": true,
      "license": "MIT"
    },
    "packages/mir-chord": {
      "name": "@audio/mir-chord",
      "version": "1.0.0",
      "license": "MIT",
      "engines": {
        "node": ">=18"
      }
    },
    "packages/mir-chroma": {
      "name": "@audio/mir-chroma",
      "version": "1.0.0",
      "license": "MIT",
      "dependencies": {
        "fourier-transform": "^2.2.0"
      },
      "engines": {
        "node": ">=18"
      }
    },
    "packages/mir-coversong": {
      "name": "@audio/mir-coversong",
      "version": "0.0.0",
      "license": "MIT",
      "engines": {
        "node": ">=18"
      }
    },
    "packages/mir-downbeat": {
      "name": "@audio/mir-downbeat",
      "version": "0.0.0",
      "license": "MIT",
      "engines": {
        "node": ">=18"
      }
    },
    "packages/mir-drums": {
      "name": "@audio/mir-drums",
      "version": "0.0.0",
      "license": "MIT",
      "engines": {
        "node": ">=18"
      }
    },
    "packages/mir-fingerprint": {
      "name": "@audio/mir-fingerprint",
      "version": "0.0.0",
      "license": "MIT",
      "engines": {
        "node": ">=18"
      }
    },
    "packages/mir-key": {
      "name": "@audio/mir-key",
      "version": "1.0.0",
      "license": "MIT",
      "engines": {
        "node": ">=18"
      }
    },
    "packages/mir-melody": {
      "name": "@audio/mir-melody",
      "version": "1.0.0",
      "license": "MIT",
      "dependencies": {
        "@audio/pitch-yin": "file:../../../pitch/packages/pitch-yin"
      },
      "engines": {
        "node": ">=18"
      }
    },
    "packages/mir-multif0": {
      "name": "@audio/mir-multif0",
      "version": "0.0.0",
      "license": "MIT",
      "engines": {
        "node": ">=18"
      }
    },
    "packages/mir-similarity": {
      "name": "@audio/mir-similarity",
      "version": "0.0.0",
      "license": "MIT",
      "engines": {
        "node": ">=18"
      }
    },
    "packages/mir-structure": {
      "name": "@audio/mir-structure",
      "version": "0.0.0",
      "license": "MIT",
      "engines": {
        "node": ">=18"
      }
    },
    "packages/mir-tempogram": {
      "name": "@audio/mir-tempogram",
      "version": "1.0.0",
      "license": "MIT",
      "dependencies": {
        "@audio/beat-core": "file:../../../beat/packages/beat-core"
      },
      "engines": {
        "node": ">=18"
      }
    },
    "packages/mir-tonnetz": {
      "name": "@audio/mir-tonnetz",
      "version": "1.0.0",
      "license": "MIT",
      "engines": {
        "node": ">=18"
      }
    },
    "packages/mir-transcribe": {
      "name": "@audio/mir-transcribe",
      "version": "0.0.0",
      "license": "MIT",
      "engines": {
        "node": ">=18"
      }
    }
  }
}
